
Microsoft Visual Studio Solution File, Format Version 12.00
# Visual Studio 14
VisualStudioVersion = 14.0.25123.0
MinimumVisualStudioVersion = 10.0.40219.1
Project("{159641D6-6404-4A2A-AE62-294DE0FE8301}") = "DatabaseWarehouseIS", "DatabaseWarehouseIS\DatabaseWarehouseIS.dtproj", "{EAA774E3-1865-44B9-8065-B040D95E9E85}"
EndProject
Project("{2150E333-8FDC-42A3-9474-1A3956D46DE8}") = "XSD", "XSD", "{1357FB24-3EB5-4926-AEAB-8C3074C50AD3}"
	ProjectSection(SolutionItems) = preProject
		XSD\Badges.xsd = XSD\Badges.xsd
		XSD\Comments.xsd = XSD\Comments.xsd
		XSD\PostHistory.xsd = XSD\PostHistory.xsd
		XSD\PostLinks.xsd = XSD\PostLinks.xsd
		XSD\Posts.xsd = XSD\Posts.xsd
		XSD\Tags.xsd = XSD\Tags.xsd
		XSD\Users.xsd = XSD\Users.xsd
		XSD\Votes.xsd = XSD\Votes.xsd
	EndProjectSection
EndProject
Global
	GlobalSection(SolutionConfigurationPlatforms) = preSolution
		Development|Default = Development|Default
	EndGlobalSection
	GlobalSection(ProjectConfigurationPlatforms) = postSolution
		{EAA774E3-1865-44B9-8065-B040D95E9E85}.Development|Default.ActiveCfg = Development
		{EAA774E3-1865-44B9-8065-B040D95E9E85}.Development|Default.Build.0 = Development
	EndGlobalSection
	GlobalSection(SolutionProperties) = preSolution
		HideSolutionNode = FALSE
	EndGlobalSection
EndGlobal
